
Microsoft Visual Studio Solution File, Format Version 12.00
# Visual Studio 2013
VisualStudioVersion = 12.0.40629.0
MinimumVisualStudioVersion = 10.0.40219.1
Project("{FAE04EC0-301F-11D3-BF4B-00C04F79EFBC}") = "SampleMVCSPAApplications", "SampleMVCSPAApplications\SampleMVCSPAApplications.csproj", "{9F2B5CD6-5CD5-4667-8F3F-BC261746AE06}"
EndProject
Project("{FAE04EC0-301F-11D3-BF4B-00C04F79EFBC}") = "DomainModel", "DomainModel\DomainModel.csproj", "{21D5A005-ACC9-44A8-82FE-DA360CC6B01E}"
EndProject
Project("{FAE04EC0-301F-11D3-BF4B-00C04F79EFBC}") = "MVCApplicationDAL", "MVCApplicationDAL\MVCApplicationDAL.csproj", "{14BC62BF-AEE9-4E00-B3BC-E3C0F7AAA88F}"
EndProject
Project("{FAE04EC0-301F-11D3-BF4B-00C04F79EFBC}") = "MVCAplicationServices", "MVCAplicationServices\MVCAplicationServices.csproj", "{B0971F11-8E4F-4758-AEE8-B24BB784F652}"
EndProject
Global
	GlobalSection(SolutionConfigurationPlatforms) = preSolution
		Debug|Any CPU = Debug|Any CPU
		Release|Any CPU = Release|Any CPU
	EndGlobalSection
	GlobalSection(ProjectConfigurationPlatforms) = postSolution
		{9F2B5CD6-5CD5-4667-8F3F-BC261746AE06}.Debug|Any CPU.ActiveCfg = Debug|Any CPU
		{9F2B5CD6-5CD5-4667-8F3F-BC261746AE06}.Debug|Any CPU.Build.0 = Debug|Any CPU
		{9F2B5CD6-5CD5-4667-8F3F-BC261746AE06}.Release|Any CPU.ActiveCfg = Release|Any CPU
		{9F2B5CD6-5CD5-4667-8F3F-BC261746AE06}.Release|Any CPU.Build.0 = Release|Any CPU
		{21D5A005-ACC9-44A8-82FE-DA360CC6B01E}.Debug|Any CPU.ActiveCfg = Debug|Any CPU
		{21D5A005-ACC9-44A8-82FE-DA360CC6B01E}.Debug|Any CPU.Build.0 = Debug|Any CPU
		{21D5A005-ACC9-44A8-82FE-DA360CC6B01E}.Release|Any CPU.ActiveCfg = Release|Any CPU
		{21D5A005-ACC9-44A8-82FE-DA360CC6B01E}.Release|Any CPU.Build.0 = Release|Any CPU
		{14BC62BF-AEE9-4E00-B3BC-E3C0F7AAA88F}.Debug|Any CPU.ActiveCfg = Debug|Any CPU
		{14BC62BF-AEE9-4E00-B3BC-E3C0F7AAA88F}.Debug|Any CPU.Build.0 = Debug|Any CPU
		{14BC62BF-AEE9-4E00-B3BC-E3C0F7AAA88F}.Release|Any CPU.ActiveCfg = Release|Any CPU
		{14BC62BF-AEE9-4E00-B3BC-E3C0F7AAA88F}.Release|Any CPU.Build.0 = Release|Any CPU
		{B0971F11-8E4F-4758-AEE8-B24BB784F652}.Debug|Any CPU.ActiveCfg = Debug|Any CPU
		{B0971F11-8E4F-4758-AEE8-B24BB784F652}.Debug|Any CPU.Build.0 = Debug|Any CPU
		{B0971F11-8E4F-4758-AEE8-B24BB784F652}.Release|Any CPU.ActiveCfg = Release|Any CPU
		{B0971F11-8E4F-4758-AEE8-B24BB784F652}.Release|Any CPU.Build.0 = Release|Any CPU
	EndGlobalSection
	GlobalSection(SolutionProperties) = preSolution
		HideSolutionNode = FALSE
	EndGlobalSection
EndGlobal
